
Microsoft Visual Studio Solution File, Format Version 12.00
# Visual Studio Version 17
VisualStudioVersion = 17.0.32014.148
MinimumVisualStudioVersion = 10.0.40219.1
Project("{9A19103F-16F7-4668-BE54-9A1E7A4F7556}") = "UNLayerP.API", "UNLayerP.API\UNLayerP.API.csproj", "{FEE357B9-05F2-422E-B654-03C890362F7B}"
EndProject
Project("{9A19103F-16F7-4668-BE54-9A1E7A4F7556}") = "UNLayerP.Core", "UNLayerP.Core\UNLayerP.Core.csproj", "{D911E5D6-4AA1-408D-886C-79E985A96124}"
EndProject
Project("{9A19103F-16F7-4668-BE54-9A1E7A4F7556}") = "UNLayerP.Data", "UNLayerP.Data\UNLayerP.Data.csproj", "{0354634F-F297-4B54-A4C7-991D6C7B5BCE}"
EndProject
Project("{9A19103F-16F7-4668-BE54-9A1E7A4F7556}") = "UNLayerP.Service", "UNLayerP.Service\UNLayerP.Service.csproj", "{13248A0A-1F7C-4D4A-8068-19BE00AB6D9A}"
EndProject
Project("{FAE04EC0-301F-11D3-BF4B-00C04F79EFBC}") = "UNLayerP.Web", "UNLayerP.Web\UNLayerP.Web.csproj", "{7EB3FE16-DCFC-4E94-BC63-D5A00880403A}"
EndProject
Global
	GlobalSection(SolutionConfigurationPlatforms) = preSolution
		Debug|Any CPU = Debug|Any CPU
		Release|Any CPU = Release|Any CPU
	EndGlobalSection
	GlobalSection(ProjectConfigurationPlatforms) = postSolution
		{FEE357B9-05F2-422E-B654-03C890362F7B}.Debug|Any CPU.ActiveCfg = Debug|Any CPU
		{FEE357B9-05F2-422E-B654-03C890362F7B}.Debug|Any CPU.Build.0 = Debug|Any CPU
		{FEE357B9-05F2-422E-B654-03C890362F7B}.Release|Any CPU.ActiveCfg = Release|Any CPU
		{FEE357B9-05F2-422E-B654-03C890362F7B}.Release|Any CPU.Build.0 = Release|Any CPU
		{D911E5D6-4AA1-408D-886C-79E985A96124}.Debug|Any CPU.ActiveCfg = Debug|Any CPU
		{D911E5D6-4AA1-408D-886C-79E985A96124}.Debug|Any CPU.Build.0 = Debug|Any CPU
		{D911E5D6-4AA1-408D-886C-79E985A96124}.Release|Any CPU.ActiveCfg = Release|Any CPU
		{D911E5D6-4AA1-408D-886C-79E985A96124}.Release|Any CPU.Build.0 = Release|Any CPU
		{0354634F-F297-4B54-A4C7-991D6C7B5BCE}.Debug|Any CPU.ActiveCfg = Debug|Any CPU
		{0354634F-F297-4B54-A4C7-991D6C7B5BCE}.Debug|Any CPU.Build.0 = Debug|Any CPU
		{0354634F-F297-4B54-A4C7-991D6C7B5BCE}.Release|Any CPU.ActiveCfg = Release|Any CPU
		{0354634F-F297-4B54-A4C7-991D6C7B5BCE}.Release|Any CPU.Build.0 = Release|Any CPU
		{13248A0A-1F7C-4D4A-8068-19BE00AB6D9A}.Debug|Any CPU.ActiveCfg = Debug|Any CPU
		{13248A0A-1F7C-4D4A-8068-19BE00AB6D9A}.Debug|Any CPU.Build.0 = Debug|Any CPU
		{13248A0A-1F7C-4D4A-8068-19BE00AB6D9A}.Release|Any CPU.ActiveCfg = Release|Any CPU
		{13248A0A-1F7C-4D4A-8068-19BE00AB6D9A}.Release|Any CPU.Build.0 = Release|Any CPU
		{7EB3FE16-DCFC-4E94-BC63-D5A00880403A}.Debug|Any CPU.ActiveCfg = Debug|Any CPU
		{7EB3FE16-DCFC-4E94-BC63-D5A00880403A}.Debug|Any CPU.Build.0 = Debug|Any CPU
		{7EB3FE16-DCFC-4E94-BC63-D5A00880403A}.Release|Any CPU.ActiveCfg = Release|Any CPU
		{7EB3FE16-DCFC-4E94-BC63-D5A00880403A}.Release|Any CPU.Build.0 = Release|Any CPU
	EndGlobalSection
	GlobalSection(SolutionProperties) = preSolution
		HideSolutionNode = FALSE
	EndGlobalSection
	GlobalSection(ExtensibilityGlobals) = postSolution
		SolutionGuid = {CC40242C-057F-4F15-808A-796D5A785157}
	EndGlobalSection
EndGlobal
